// !$*UTF8*$!
{
	archiveVersion = 1;
	classes = {
	};
	objectVersion = 55;
	objects = {

/* Begin PBXBuildFile section */
		D219D24B28C0DD6700BF5623 /* AppDelegate.swift in Sources */ = {isa = PBXBuildFile; fileRef = D219D24A28C0DD6700BF5623 /* AppDelegate.swift */; };
		D219D24D28C0DD6700BF5623 /* SceneDelegate.swift in Sources */ = {isa = PBXBuildFile; fileRef = D219D24C28C0DD6700BF5623 /* SceneDelegate.swift */; };
		D219D24F28C0DD6700BF5623 /* ViewController.swift in Sources */ = {isa = PBXBuildFile; fileRef = D219D24E28C0DD6700BF5623 /* ViewController.swift */; };
		D219D25228C0DD6700BF5623 /* Main.storyboard in Resources */ = {isa = PBXBuildFile; fileRef = D219D25028C0DD6700BF5623 /* Main.storyboard */; };
		D219D25428C0DD6800BF5623 /* Assets.xcassets in Resources */ = {isa = PBXBuildFile; fileRef = D219D25328C0DD6800BF5623 /* Assets.xcassets */; };
		D219D25728C0DD6800BF5623 /* LaunchScreen.storyboard in Resources */ = {isa = PBXBuildFile; fileRef = D219D25528C0DD6800BF5623 /* LaunchScreen.storyboard */; };
/* End PBXBuildFile section */

/* Begin PBXFileReference section */
		D219D24728C0DD6700BF5623 /* Mod2_Creative_App_Roy_Alameh.app */ = {isa = PBXFileReference; explicitFileType = wrapper.application; includeInIndex = 0; path = Mod2_Creative_App_Roy_Alameh.app; sourceTree = BUILT_PRODUCTS_DIR; };
		D219D24A28C0DD6700BF5623 /* AppDelegate.swift */ = {isa = PBXFileReference; lastKnownFileType = sourcecode.swift; path = AppDelegate.swift; sourceTree = "<group>"; };
		D219D24C28C0DD6700BF5623 /* SceneDelegate.swift */ = {isa = PBXFileReference; lastKnownFileType = sourcecode.swift; path = SceneDelegate.swift; sourceTree = "<group>"; };
		D219D24E28C0DD6700BF5623 /* ViewController.swift */ = {isa = PBXFileReference; lastKnownFileType = sourcecode.swift; path = ViewController.swift; sourceTree = "<group>"; };
		D219D25128C0DD6700BF5623 /* Base */ = {isa = PBXFileReference; lastKnownFileType = file.storyboard; name = Base; path = Base.lproj/Main.storyboard; sourceTree = "<group>"; };
		D219D25328C0DD6800BF5623 /* Assets.xcassets */ = {isa = PBXFileReference; lastKnownFileType = folder.assetcatalog; path = Assets.xcassets; sourceTree = "<group>"; };
		D219D25628C0DD6800BF5623 /* Base */ = {isa = PBXFileReference; lastKnownFileType = file.storyboard; name = Base; path = Base.lproj/LaunchScreen.storyboard; sourceTree = "<group>"; };
		D219D25828C0DD6800BF5623 /* Info.plist */ = {isa = PBXFileReference; lastKnownFileType = text.plist.xml; path = Info.plist; sourceTree = "<group>"; };
/* End PBXFileReference section */

/* Begin PBXFrameworksBuildPhase section */
		D219D24428C0DD6600BF5623 /* Frameworks */ = {
			isa = PBXFrameworksBuildPhase;
			buildActionMask = 2147483647;
			files = (
			);
			runOnlyForDeploymentPostprocessing = 0;
		};
/* End PBXFrameworksBuildPhase section */

/* Begin PBXGroup section */
		D219D23E28C0DD6600BF5623 = {
			isa = PBXGroup;
			children = (
				D219D24928C0DD6700BF5623 /* Mod2_Creative_App_Roy_Alameh */,
				D219D24828C0DD6700BF5623 /* Products */,
			);
			sourceTree = "<group>";
		};
		D219D24828C0DD6700BF5623 /* Products */ = {
			isa = PBXGroup;
			children = (
				D219D24728C0DD6700BF5623 /* Mod2_Creative_App_Roy_Alameh.app */,
			);
			name = Products;
			sourceTree = "<group>";
		};
		D219D24928C0DD6700BF5623 /* Mod2_Creative_App_Roy_Alameh */ = {
			isa = PBXGroup;
			children = (
				D219D24A28C0DD6700BF5623 /* AppDelegate.swift */,
				D219D24C28C0DD6700BF5623 /* SceneDelegate.swift */,
				D219D24E28C0DD6700BF5623 /* ViewController.swift */,
				D219D25028C0DD6700BF5623 /* Main.storyboard */,
				D219D25328C0DD6800BF5623 /* Assets.xcassets */,
				D219D25528C0DD6800BF5623 /* LaunchScreen.storyboard */,
				D219D25828C0DD6800BF5623 /* Info.plist */,
			);
			path = Mod2_Creative_App_Roy_Alameh;
			sourceTree = "<group>";
		};
/* End PBXGroup section */

/* Begin PBXNativeTarget section */
		D219D24628C0DD6600BF5623 /* Mod2_Creative_App_Roy_Alameh */ = {
			isa = PBXNativeTarget;
			buildConfigurationList = D219D25B28C0DD6800BF5623 /* Build configuration list for PBXNativeTarget "Mod2_Creative_App_Roy_Alameh" */;
			buildPhases = (
				D219D24328C0DD6600BF5623 /* Sources */,
				D219D24428C0DD6600BF5623 /* Frameworks */,
				D219D24528C0DD6600BF5623 /* Resources */,
			);
			buildRules = (
			);
			dependencies = (
			);
			name = Mod2_Creative_App_Roy_Alameh;
			productName = Mod2_Creative_App_Roy_Alameh;
			productReference = D219D24728C0DD6700BF5623 /* Mod2_Creative_App_Roy_Alameh.app */;
			productType = "com.apple.product-type.application";
		};
/* End PBXNativeTarget section */

/* Begin PBXProject section */
		D219D23F28C0DD6600BF5623 /* Project object */ = {
			isa = PBXProject;
			attributes = {
				BuildIndependentTargetsInParallel = 1;
				LastSwiftUpdateCheck = 1340;
				LastUpgradeCheck = 1340;
				TargetAttributes = {
					D219D24628C0DD6600BF5623 = {
						CreatedOnToolsVersion = 13.4.1;
					};
				};
			};
			buildConfigurationList = D219D24228C0DD6600BF5623 /* Build configuration list for PBXProject "Mod2_Creative_App_Roy_Alameh" */;
			compatibilityVersion = "Xcode 13.0";
			developmentRegion = en;
			hasScannedForEncodings = 0;
			knownRegions = (
				en,
				Base,
			);
			mainGroup = D219D23E28C0DD6600BF5623;
			productRefGroup = D219D24828C0DD6700BF5623 /* Products */;
			projectDirPath = "";
			projectRoot = "";
			targets = (
				D219D24628C0DD6600BF5623 /* Mod2_Creative_App_Roy_Alameh */,
			);
		};
/* End PBXProject section */

/* Begin PBXResourcesBuildPhase section */
		D219D24528C0DD6600BF5623 /* Resources */ = {
			isa = PBXResourcesBuildPhase;
			buildActionMask = 2147483647;
			files = (
				D219D25728C0DD6800BF5623 /* LaunchScreen.storyboard in Resources */,
				D219D25428C0DD6800BF5623 /* Assets.xcassets in Resources */,
				D219D25228C0DD6700BF5623 /* Main.storyboard in Resources */,
			);
			runOnlyForDeploymentPostprocessing = 0;
		};
/* End PBXResourcesBuildPhase section */

/* Begin PBXSourcesBuildPhase section */
		D219D24328C0DD6600BF5623 /* Sources */ = {
			isa = PBXSourcesBuildPhase;
			buildActionMask = 2147483647;
			files = (
				D219D24F28C0DD6700BF5623 /* ViewController.swift in Sources */,
				D219D24B28C0DD6700BF5623 /* AppDelegate.swift in Sources */,
				D219D24D28C0DD6700BF5623 /* SceneDelegate.swift in Sources */,
			);
			runOnlyForDeploymentPostprocessing = 0;
		};
/* End PBXSourcesBuildPhase section */

/* Begin PBXVariantGroup section */
		D219D25028C0DD6700BF5623 /* Main.storyboard */ = {
			isa = PBXVariantGroup;
			children = (
				D219D25128C0DD6700BF5623 /* Base */,
			);
			name = Main.storyboard;
			sourceTree = "<group>";
		};
		D219D25528C0DD6800BF5623 /* LaunchScreen.storyboard */ = {
			isa = PBXVariantGroup;
			children = (
				D219D25628C0DD6800BF5623 /* Base */,
			);
			name = LaunchScreen.storyboard;
			sourceTree = "<group>";
		};
/* End PBXVariantGroup section */

/* Begin XCBuildConfiguration section */
		D219D25928C0DD6800BF5623 /* Debug */ = {
			isa = XCBuildConfiguration;
			buildSettings = {
				ALWAYS_SEARCH_USER_PATHS = NO;
				CLANG_ANALYZER_NONNULL = YES;
				CLANG_ANALYZER_NUMBER_OBJECT_CONVERSION = YES_AGGRESSIVE;
				CLANG_CXX_LANGUAGE_STANDARD = "gnu++17";
				CLANG_ENABLE_MODULES = YES;
				CLANG_ENABLE_OBJC_ARC = YES;
				CLANG_ENABLE_OBJC_WEAK = YES;
				CLANG_WARN_BLOCK_CAPTURE_AUTORELEASING = YES;
				CLANG_WARN_BOOL_CONVERSION = YES;
				CLANG_WARN_COMMA = YES;
				CLANG_WARN_CONSTANT_CONVERSION = YES;
				CLANG_WARN_DEPRECATED_OBJC_IMPLEMENTATIONS = YES;
				CLANG_WARN_DIRECT_OBJC_ISA_USAGE = YES_ERROR;
				CLANG_WARN_DOCUMENTATION_COMMENTS = YES;
				CLANG_WARN_EMPTY_BODY = YES;
				CLANG_WARN_ENUM_CONVERSION = YES;
				CLANG_WARN_INFINITE_RECURSION = YES;
				CLANG_WARN_INT_CONVERSION = YES;
				CLANG_WARN_NON_LITERAL_NULL_CONVERSION = YES;
				CLANG_WARN_OBJC_IMPLICIT_RETAIN_SELF = YES;
				CLANG_WARN_OBJC_LITERAL_CONVERSION = YES;
				CLANG_WARN_OBJC_ROOT_CLASS = YES_ERROR;
				CLANG_WARN_QUOTED_INCLUDE_IN_FRAMEWORK_HEADER = YES;
				CLANG_WARN_RANGE_LOOP_ANALYSIS = YES;
				CLANG_WARN_STRICT_PROTOTYPES = YES;
				CLANG_WARN_SUSPICIOUS_MOVE = YES;
				CLANG_WARN_UNGUARDED_AVAILABILITY = YES_AGGRESSIVE;
				CLANG_WARN_UNREACHABLE_CODE = YES;
				CLANG_WARN__DUPLICATE_METHOD_MATCH = YES;
				COPY_PHASE_STRIP = NO;
				DEBUG_INFORMATION_FORMAT = dwarf;
				ENABLE_STRICT_OBJC_MSGSEND = YES;
				ENABLE_TESTABILITY = YES;
				GCC_C_LANGUAGE_STANDARD = gnu11;
				GCC_DYNAMIC_NO_PIC = NO;
				GCC_NO_COMMON_BLOCKS = YES;
				GCC_OPTIMIZATION_LEVEL = 0;
				GCC_PREPROCESSOR_DEFINITIONS = (
					"DEBUG=1",
					"$(inherited)",
				);
				GCC_WARN_64_TO_32_BIT_CONVERSION = YES;
				GCC_WARN_ABOUT_RETURN_TYPE = YES_ERROR;
				GCC_WARN_UNDECLARED_SELECTOR = YES;
				GCC_WARN_UNINITIALIZED_AUTOS = YES_AGGRESSIVE;
				GCC_WARN_UNUSED_FUNCTION = YES;
				GCC_WARN_UNUSED_VARIABLE = YES;
				IPHONEOS_DEPLOYMENT_TARGET = 15.5;
				MTL_ENABLE_DEBUG_INFO = INCLUDE_SOURCE;
				MTL_FAST_MATH = YES;
				ONLY_ACTIVE_ARCH = YES;
				SDKROOT = iphoneos;
				SWIFT_ACTIVE_COMPILATION_CONDITIONS = DEBUG;
				SWIFT_OPTIMIZATION_LEVEL = "-Onone";
			};
			name = Debug;
		};
		D219D25A28C0DD6800BF5623 /* Release */ = {
			isa = XCBuildConfiguration;
			buildSettings = {
				ALWAYS_SEARCH_USER_PATHS = NO;
				CLANG_ANALYZER_NONNULL = YES;
				CLANG_ANALYZER_NUMBER_OBJECT_CONVERSION = YES_AGGRESSIVE;
				CLANG_CXX_LANGUAGE_STANDARD = "gnu++17";
				CLANG_ENABLE_MODULES = YES;
				CLANG_ENABLE_OBJC_ARC = YES;
				CLANG_ENABLE_OBJC_WEAK = YES;
				CLANG_WARN_BLOCK_CAPTURE_AUTORELEASING = YES;
				CLANG_WARN_BOOL_CONVERSION = YES;
				CLANG_WARN_COMMA = YES;
				CLANG_WARN_CONSTANT_CONVERSION = YES;
				CLANG_WARN_DEPRECATED_OBJC_IMPLEMENTATIONS = YES;
				CLANG_WARN_DIRECT_OBJC_ISA_USAGE = YES_ERROR;
				CLANG_WARN_DOCUMENTATION_COMMENTS = YES;
				CLANG_WARN_EMPTY_BODY = YES;
				CLANG_WARN_ENUM_CONVERSION = YES;
				CLANG_WARN_INFINITE_RECURSION = YES;
				CLANG_WARN_INT_CONVERSION = YES;
				CLANG_WARN_NON_LITERAL_NULL_CONVERSION = YES;
				CLANG_WARN_OBJC_IMPLICIT_RETAIN_SELF = YES;
				CLANG_WARN_OBJC_LITERAL_CONVERSION = YES;
				CLANG_WARN_OBJC_ROOT_CLASS = YES_ERROR;
				CLANG_WARN_QUOTED_INCLUDE_IN_FRAMEWORK_HEADER = YES;
				CLANG_WARN_RANGE_LOOP_ANALYSIS = YES;
				CLANG_WARN_STRICT_PROTOTYPES = YES;
				CLANG_WARN_SUSPICIOUS_MOVE = YES;
				CLANG_WARN_UNGUARDED_AVAILABILITY = YES_AGGRESSIVE;
				CLANG_WARN_UNREACHABLE_CODE = YES;
				CLANG_WARN__DUPLICATE_METHOD_MATCH = YES;
				COPY_PHASE_STRIP = NO;
				DEBUG_INFORMATION_FORMAT = "dwarf-with-dsym";
				ENABLE_NS_ASSERTIONS = NO;
				ENABLE_STRICT_OBJC_MSGSEND = YES;
				GCC_C_LANGUAGE_STANDARD = gnu11;
				GCC_NO_COMMON_BLOCKS = YES;
				GCC_WARN_64_TO_32_BIT_CONVERSION = YES;
				GCC_WARN_ABOUT_RETURN_TYPE = YES_ERROR;
				GCC_WARN_UNDECLARED_SELECTOR = YES;
				GCC_WARN_UNINITIALIZED_AUTOS = YES_AGGRESSIVE;
				GCC_WARN_UNUSED_FUNCTION = YES;
				GCC_WARN_UNUSED_VARIABLE = YES;
				IPHONEOS_DEPLOYMENT_TARGET = 15.5;
				MTL_ENABLE_DEBUG_INFO = NO;
				MTL_FAST_MATH = YES;
				SDKROOT = iphoneos;
				SWIFT_COMPILATION_MODE = wholemodule;
				SWIFT_OPTIMIZATION_LEVEL = "-O";
				VALIDATE_PRODUCT = YES;
			};
			name = Release;
		};
		D219D25C28C0DD6800BF5623 /* Debug */ = {
			isa = XCBuildConfiguration;
			buildSettings = {
				ASSETCATALOG_COMPILER_APPICON_NAME = AppIcon;
				ASSETCATALOG_COMPILER_GLOBAL_ACCENT_COLOR_NAME = AccentColor;
				CODE_SIGN_STYLE = Automatic;
				CURRENT_PROJECT_VERSION = 1;
				DEVELOPMENT_TEAM = N6URCNXM8Z;
				GENERATE_INFOPLIST_FILE = YES;
				INFOPLIST_FILE = Mod2_Creative_App_Roy_Alameh/Info.plist;
				INFOPLIST_KEY_UIApplicationSupportsIndirectInputEvents = YES;
				INFOPLIST_KEY_UILaunchStoryboardName = LaunchScreen;
				INFOPLIST_KEY_UIMainStoryboardFile = Main;
				INFOPLIST_KEY_UISupportedInterfaceOrientations_iPad = "UIInterfaceOrientationPortrait UIInterfaceOrientationPortraitUpsideDown UIInterfaceOrientationLandscapeLeft UIInterfaceOrientationLandscapeRight";
				INFOPLIST_KEY_UISupportedInterfaceOrientations_iPhone = "UIInterfaceOrientationPortrait UIInterfaceOrientationLandscapeLeft UIInterfaceOrientationLandscapeRight";
				LD_RUNPATH_SEARCH_PATHS = (
					"$(inherited)",
					"@executable_path/Frameworks",
				);
				MARKETING_VERSION = 1.0;
				PRODUCT_BUNDLE_IDENTIFIER = "clc.roy.Mod2-Creative-App-Roy-Alameh";
				PRODUCT_NAME = "$(TARGET_NAME)";
				SWIFT_EMIT_LOC_STRINGS = YES;
				SWIFT_VERSION = 5.0;
				TARGETED_DEVICE_FAMILY = "1,2";
			};
			name = Debug;
		};
		D219D25D28C0DD6800BF5623 /* Release */ = {
			isa = XCBuildConfiguration;
			buildSettings = {
				ASSETCATALOG_COMPILER_APPICON_NAME = AppIcon;
				ASSETCATALOG_COMPILER_GLOBAL_ACCENT_COLOR_NAME = AccentColor;
				CODE_SIGN_STYLE = Automatic;
				CURRENT_PROJECT_VERSION = 1;
				DEVELOPMENT_TEAM = N6URCNXM8Z;
				GENERATE_INFOPLIST_FILE = YES;
				INFOPLIST_FILE = Mod2_Creative_App_Roy_Alameh/Info.plist;
				INFOPLIST_KEY_UIApplicationSupportsIndirectInputEvents = YES;
				INFOPLIST_KEY_UILaunchStoryboardName = LaunchScreen;
				INFOPLIST_KEY_UIMainStoryboardFile = Main;
				INFOPLIST_KEY_UISupportedInterfaceOrientations_iPad = "UIInterfaceOrientationPortrait UIInterfaceOrientationPortraitUpsideDown UIInterfaceOrientationLandscapeLeft UIInterfaceOrientationLandscapeRight";
				INFOPLIST_KEY_UISupportedInterfaceOrientations_iPhone = "UIInterfaceOrientationPortrait UIInterfaceOrientationLandscapeLeft UIInterfaceOrientationLandscapeRight";
				LD_RUNPATH_SEARCH_PATHS = (
					"$(inherited)",
					"@executable_path/Frameworks",
				);
				MARKETING_VERSION = 1.0;
				PRODUCT_BUNDLE_IDENTIFIER = "clc.roy.Mod2-Creative-App-Roy-Alameh";
				PRODUCT_NAME = "$(TARGET_NAME)";
				SWIFT_EMIT_LOC_STRINGS = YES;
				SWIFT_VERSION = 5.0;
				TARGETED_DEVICE_FAMILY = "1,2";
			};
			name = Release;
		};
/* End XCBuildConfiguration section */

/* Begin XCConfigurationList section */
		D219D24228C0DD6600BF5623 /* Build configuration list for PBXProject "Mod2_Creative_App_Roy_Alameh" */ = {
			isa = XCConfigurationList;
			buildConfigurations = (
				D219D25928C0DD6800BF5623 /* Debug */,
				D219D25A28C0DD6800BF5623 /* Release */,
			);
			defaultConfigurationIsVisible = 0;
			defaultConfigurationName = Release;
		};
		D219D25B28C0DD6800BF5623 /* Build configuration list for PBXNativeTarget "Mod2_Creative_App_Roy_Alameh" */ = {
			isa = XCConfigurationList;
			buildConfigurations = (
				D219D25C28C0DD6800BF5623 /* Debug */,
				D219D25D28C0DD6800BF5623 /* Release */,
			);
			defaultConfigurationIsVisible = 0;
			defaultConfigurationName = Release;
		};
/* End XCConfigurationList section */
	};
	rootObject = D219D23F28C0DD6600BF5623 /* Project object */;
}
